
Microsoft Visual Studio Solution File, Format Version 12.00
# Visual Studio Version 17
VisualStudioVersion = 17.7.34031.279
MinimumVisualStudioVersion = 10.0.40219.1
Project("{9A19103F-16F7-4668-BE54-9A1E7A4F7556}") = "Cms.Web.Mvc", "Cms.Web.Mvc\Cms.Web.Mvc.csproj", "{1D21A53C-2449-4A5C-9E2B-D4CA7B85A80A}"
EndProject
Project("{9A19103F-16F7-4668-BE54-9A1E7A4F7556}") = "Cms.Data", "App.Data\Cms.Data.csproj", "{4FE346E4-9C6B-4FE9-98BA-8FDC4DA21D4E}"
EndProject
Project("{9A19103F-16F7-4668-BE54-9A1E7A4F7556}") = "Cms.Data.Models", "Cms.Data.Models\Cms.Data.Models.csproj", "{FB916BDF-654E-4937-8D8E-F9ECAD6AA12C}"
EndProject
Project("{9A19103F-16F7-4668-BE54-9A1E7A4F7556}") = "Cms.Web.Api", "Cms.Web.Api\Cms.Web.Api.csproj", "{EDB01D7C-186D-42A5-A66B-2F8617F2C8AB}"
EndProject
Project("{9A19103F-16F7-4668-BE54-9A1E7A4F7556}") = "Cms.Services", "Cms.Services\Cms.Services.csproj", "{56340709-EA52-4715-A2CC-C31976C02656}"
EndProject
Project("{9A19103F-16F7-4668-BE54-9A1E7A4F7556}") = "Cms.Web.Mvc.Patient", "Cms.Web.Mvc.Patient\Cms.Web.Mvc.Patient.csproj", "{A8F71433-5623-476C-BE61-2B5D66620863}"
EndProject
Project("{9A19103F-16F7-4668-BE54-9A1E7A4F7556}") = "Cms.Web.Mvc.Admin", "Cms.Web.Mvc.Admin\Cms.Web.Mvc.Admin.csproj", "{3DA45D41-484B-470F-8409-FA786B2BA20F}"
EndProject
Project("{FAE04EC0-301F-11D3-BF4B-00C04F79EFBC}") = "Cms.Web.Mvc.Doctor", "Cms.Web.Mvc.Doctor\Cms.Web.Mvc.Doctor.csproj", "{EEBFA46B-0E05-477A-ACD6-29F13697F177}"
EndProject
Global
	GlobalSection(SolutionConfigurationPlatforms) = preSolution
		Debug|Any CPU = Debug|Any CPU
		Release|Any CPU = Release|Any CPU
	EndGlobalSection
	GlobalSection(ProjectConfigurationPlatforms) = postSolution
		{1D21A53C-2449-4A5C-9E2B-D4CA7B85A80A}.Debug|Any CPU.ActiveCfg = Debug|Any CPU
		{1D21A53C-2449-4A5C-9E2B-D4CA7B85A80A}.Debug|Any CPU.Build.0 = Debug|Any CPU
		{1D21A53C-2449-4A5C-9E2B-D4CA7B85A80A}.Release|Any CPU.ActiveCfg = Release|Any CPU
		{1D21A53C-2449-4A5C-9E2B-D4CA7B85A80A}.Release|Any CPU.Build.0 = Release|Any CPU
		{4FE346E4-9C6B-4FE9-98BA-8FDC4DA21D4E}.Debug|Any CPU.ActiveCfg = Debug|Any CPU
		{4FE346E4-9C6B-4FE9-98BA-8FDC4DA21D4E}.Debug|Any CPU.Build.0 = Debug|Any CPU
		{4FE346E4-9C6B-4FE9-98BA-8FDC4DA21D4E}.Release|Any CPU.ActiveCfg = Release|Any CPU
		{4FE346E4-9C6B-4FE9-98BA-8FDC4DA21D4E}.Release|Any CPU.Build.0 = Release|Any CPU
		{FB916BDF-654E-4937-8D8E-F9ECAD6AA12C}.Debug|Any CPU.ActiveCfg = Debug|Any CPU
		{FB916BDF-654E-4937-8D8E-F9ECAD6AA12C}.Debug|Any CPU.Build.0 = Debug|Any CPU
		{FB916BDF-654E-4937-8D8E-F9ECAD6AA12C}.Release|Any CPU.ActiveCfg = Release|Any CPU
		{FB916BDF-654E-4937-8D8E-F9ECAD6AA12C}.Release|Any CPU.Build.0 = Release|Any CPU
		{EDB01D7C-186D-42A5-A66B-2F8617F2C8AB}.Debug|Any CPU.ActiveCfg = Debug|Any CPU
		{EDB01D7C-186D-42A5-A66B-2F8617F2C8AB}.Debug|Any CPU.Build.0 = Debug|Any CPU
		{EDB01D7C-186D-42A5-A66B-2F8617F2C8AB}.Release|Any CPU.ActiveCfg = Release|Any CPU
		{EDB01D7C-186D-42A5-A66B-2F8617F2C8AB}.Release|Any CPU.Build.0 = Release|Any CPU
		{56340709-EA52-4715-A2CC-C31976C02656}.Debug|Any CPU.ActiveCfg = Debug|Any CPU
		{56340709-EA52-4715-A2CC-C31976C02656}.Debug|Any CPU.Build.0 = Debug|Any CPU
		{56340709-EA52-4715-A2CC-C31976C02656}.Release|Any CPU.ActiveCfg = Release|Any CPU
		{56340709-EA52-4715-A2CC-C31976C02656}.Release|Any CPU.Build.0 = Release|Any CPU
		{A8F71433-5623-476C-BE61-2B5D66620863}.Debug|Any CPU.ActiveCfg = Debug|Any CPU
		{A8F71433-5623-476C-BE61-2B5D66620863}.Debug|Any CPU.Build.0 = Debug|Any CPU
		{A8F71433-5623-476C-BE61-2B5D66620863}.Release|Any CPU.ActiveCfg = Release|Any CPU
		{A8F71433-5623-476C-BE61-2B5D66620863}.Release|Any CPU.Build.0 = Release|Any CPU
		{3DA45D41-484B-470F-8409-FA786B2BA20F}.Debug|Any CPU.ActiveCfg = Debug|Any CPU
		{3DA45D41-484B-470F-8409-FA786B2BA20F}.Debug|Any CPU.Build.0 = Debug|Any CPU
		{3DA45D41-484B-470F-8409-FA786B2BA20F}.Release|Any CPU.ActiveCfg = Release|Any CPU
		{3DA45D41-484B-470F-8409-FA786B2BA20F}.Release|Any CPU.Build.0 = Release|Any CPU
		{EEBFA46B-0E05-477A-ACD6-29F13697F177}.Debug|Any CPU.ActiveCfg = Debug|Any CPU
		{EEBFA46B-0E05-477A-ACD6-29F13697F177}.Debug|Any CPU.Build.0 = Debug|Any CPU
		{EEBFA46B-0E05-477A-ACD6-29F13697F177}.Release|Any CPU.ActiveCfg = Release|Any CPU
		{EEBFA46B-0E05-477A-ACD6-29F13697F177}.Release|Any CPU.Build.0 = Release|Any CPU
	EndGlobalSection
	GlobalSection(SolutionProperties) = preSolution
		HideSolutionNode = FALSE
	EndGlobalSection
	GlobalSection(ExtensibilityGlobals) = postSolution
		SolutionGuid = {AF755056-8A91-438A-9812-3703E17A8DDA}
	EndGlobalSection
EndGlobal
